
Microsoft Visual Studio Solution File, Format Version 12.00
# Visual Studio Version 17
VisualStudioVersion = 17.11.35208.52
MinimumVisualStudioVersion = 10.0.40219.1
Project("{FAE04EC0-301F-11D3-BF4B-00C04F79EFBC}") = "Cafeteria", "Cafeteria\Cafeteria.csproj", "{F9322760-8248-45E1-8CF6-9A7C4A06F2EC}"
EndProject
Project("{FAE04EC0-301F-11D3-BF4B-00C04F79EFBC}") = "CapaLogica", "CapaLogica\CapaLogica.csproj", "{C81AB958-1587-45BC-8FCC-47F8FDE82568}"
EndProject
Global
	GlobalSection(SolutionConfigurationPlatforms) = preSolution
		Debug|Any CPU = Debug|Any CPU
		Release|Any CPU = Release|Any CPU
	EndGlobalSection
	GlobalSection(ProjectConfigurationPlatforms) = postSolution
		{F9322760-8248-45E1-8CF6-9A7C4A06F2EC}.Debug|Any CPU.ActiveCfg = Debug|Any CPU
		{F9322760-8248-45E1-8CF6-9A7C4A06F2EC}.Debug|Any CPU.Build.0 = Debug|Any CPU
		{F9322760-8248-45E1-8CF6-9A7C4A06F2EC}.Release|Any CPU.ActiveCfg = Release|Any CPU
		{F9322760-8248-45E1-8CF6-9A7C4A06F2EC}.Release|Any CPU.Build.0 = Release|Any CPU
		{C81AB958-1587-45BC-8FCC-47F8FDE82568}.Debug|Any CPU.ActiveCfg = Debug|Any CPU
		{C81AB958-1587-45BC-8FCC-47F8FDE82568}.Debug|Any CPU.Build.0 = Debug|Any CPU
		{C81AB958-1587-45BC-8FCC-47F8FDE82568}.Release|Any CPU.ActiveCfg = Release|Any CPU
		{C81AB958-1587-45BC-8FCC-47F8FDE82568}.Release|Any CPU.Build.0 = Release|Any CPU
	EndGlobalSection
	GlobalSection(SolutionProperties) = preSolution
		HideSolutionNode = FALSE
	EndGlobalSection
	GlobalSection(ExtensibilityGlobals) = postSolution
		SolutionGuid = {AB4D9647-C5F5-4CBA-9259-341D223E1F95}
	EndGlobalSection
EndGlobal
